
Microsoft Visual Studio Solution File, Format Version 12.00
# Visual Studio 15
VisualStudioVersion = 15.0.28307.757
MinimumVisualStudioVersion = 10.0.40219.1
Project("{FAE04EC0-301F-11D3-BF4B-00C04F79EFBC}") = "CapaConexion", "CapaConexion\CapaConexion.csproj", "{F025E166-06CE-476F-AA46-459252BE57F3}"
EndProject
Project("{FAE04EC0-301F-11D3-BF4B-00C04F79EFBC}") = "CapaLogica", "CapaLogica\CapaLogica.csproj", "{3DA130A0-9576-407A-8EEA-A2A923B55314}"
EndProject
Project("{FAE04EC0-301F-11D3-BF4B-00C04F79EFBC}") = "CapaIntegracion", "CapaIntegracion\CapaIntegracion.csproj", "{351BBBB7-0760-4F62-ABEB-DF44BF43ABA3}"
EndProject
Project("{FAE04EC0-301F-11D3-BF4B-00C04F79EFBC}") = "CapaPresentacion", "CapaPresentacion\CapaPresentacion.csproj", "{77B6A0E6-915A-4BD5-8BE1-B34F28864030}"
EndProject
Global
	GlobalSection(SolutionConfigurationPlatforms) = preSolution
		Debug|Any CPU = Debug|Any CPU
		Release|Any CPU = Release|Any CPU
	EndGlobalSection
	GlobalSection(ProjectConfigurationPlatforms) = postSolution
		{F025E166-06CE-476F-AA46-459252BE57F3}.Debug|Any CPU.ActiveCfg = Debug|Any CPU
		{F025E166-06CE-476F-AA46-459252BE57F3}.Debug|Any CPU.Build.0 = Debug|Any CPU
		{F025E166-06CE-476F-AA46-459252BE57F3}.Release|Any CPU.ActiveCfg = Release|Any CPU
		{F025E166-06CE-476F-AA46-459252BE57F3}.Release|Any CPU.Build.0 = Release|Any CPU
		{3DA130A0-9576-407A-8EEA-A2A923B55314}.Debug|Any CPU.ActiveCfg = Debug|Any CPU
		{3DA130A0-9576-407A-8EEA-A2A923B55314}.Debug|Any CPU.Build.0 = Debug|Any CPU
		{3DA130A0-9576-407A-8EEA-A2A923B55314}.Release|Any CPU.ActiveCfg = Release|Any CPU
		{3DA130A0-9576-407A-8EEA-A2A923B55314}.Release|Any CPU.Build.0 = Release|Any CPU
		{351BBBB7-0760-4F62-ABEB-DF44BF43ABA3}.Debug|Any CPU.ActiveCfg = Debug|Any CPU
		{351BBBB7-0760-4F62-ABEB-DF44BF43ABA3}.Debug|Any CPU.Build.0 = Debug|Any CPU
		{351BBBB7-0760-4F62-ABEB-DF44BF43ABA3}.Release|Any CPU.ActiveCfg = Release|Any CPU
		{351BBBB7-0760-4F62-ABEB-DF44BF43ABA3}.Release|Any CPU.Build.0 = Release|Any CPU
		{77B6A0E6-915A-4BD5-8BE1-B34F28864030}.Debug|Any CPU.ActiveCfg = Debug|Any CPU
		{77B6A0E6-915A-4BD5-8BE1-B34F28864030}.Debug|Any CPU.Build.0 = Debug|Any CPU
		{77B6A0E6-915A-4BD5-8BE1-B34F28864030}.Release|Any CPU.ActiveCfg = Release|Any CPU
		{77B6A0E6-915A-4BD5-8BE1-B34F28864030}.Release|Any CPU.Build.0 = Release|Any CPU
	EndGlobalSection
	GlobalSection(SolutionProperties) = preSolution
		HideSolutionNode = FALSE
	EndGlobalSection
	GlobalSection(ExtensibilityGlobals) = postSolution
		SolutionGuid = {70EC98FC-7154-41C9-ACC1-9E0270014437}
	EndGlobalSection
EndGlobal
